
Microsoft Visual Studio Solution File, Format Version 12.00
# Visual Studio Version 17
VisualStudioVersion = 17.10.34916.146
MinimumVisualStudioVersion = 10.0.40219.1
Project("{9A19103F-16F7-4668-BE54-9A1E7A4F7556}") = "Bundler.Server", "bundler.Server\Bundler.Server.csproj", "{1A3502B4-E27F-4320-BD20-CEF7429C8B88}"
EndProject
Project("{54A90642-561A-4BB1-A94E-469ADEE60C69}") = "Bundler.Client", "bundler.client\Bundler.Client.esproj", "{E37851B5-BB6A-4A68-8FD8-A133A7B56255}"
EndProject
Global
	GlobalSection(SolutionConfigurationPlatforms) = preSolution
		Debug|Any CPU = Debug|Any CPU
		Release|Any CPU = Release|Any CPU
	EndGlobalSection
	GlobalSection(ProjectConfigurationPlatforms) = postSolution
		{1A3502B4-E27F-4320-BD20-CEF7429C8B88}.Debug|Any CPU.ActiveCfg = Debug|Any CPU
		{1A3502B4-E27F-4320-BD20-CEF7429C8B88}.Debug|Any CPU.Build.0 = Debug|Any CPU
		{1A3502B4-E27F-4320-BD20-CEF7429C8B88}.Release|Any CPU.ActiveCfg = Release|Any CPU
		{1A3502B4-E27F-4320-BD20-CEF7429C8B88}.Release|Any CPU.Build.0 = Release|Any CPU
		{E37851B5-BB6A-4A68-8FD8-A133A7B56255}.Debug|Any CPU.ActiveCfg = Debug|Any CPU
		{E37851B5-BB6A-4A68-8FD8-A133A7B56255}.Debug|Any CPU.Build.0 = Debug|Any CPU
		{E37851B5-BB6A-4A68-8FD8-A133A7B56255}.Debug|Any CPU.Deploy.0 = Debug|Any CPU
		{E37851B5-BB6A-4A68-8FD8-A133A7B56255}.Release|Any CPU.ActiveCfg = Release|Any CPU
		{E37851B5-BB6A-4A68-8FD8-A133A7B56255}.Release|Any CPU.Build.0 = Release|Any CPU
		{E37851B5-BB6A-4A68-8FD8-A133A7B56255}.Release|Any CPU.Deploy.0 = Release|Any CPU
	EndGlobalSection
	GlobalSection(SolutionProperties) = preSolution
		HideSolutionNode = FALSE
	EndGlobalSection
	GlobalSection(ExtensibilityGlobals) = postSolution
		SolutionGuid = {830449AE-B57C-4A9D-ACAD-DAE266108D18}
	EndGlobalSection
EndGlobal
